
Microsoft Visual Studio Solution File, Format Version 12.00
# Visual Studio Version 17
VisualStudioVersion = 17.6.33829.357
MinimumVisualStudioVersion = 10.0.40219.1
Project("{FAE04EC0-301F-11D3-BF4B-00C04F79EFBC}") = "FIT5032_main_project", "FIT5032_main_project\FIT5032_main_project.csproj", "{D22BDE22-3819-46F8-9DF3-B924D92567FC}"
EndProject
Project("{FAE04EC0-301F-11D3-BF4B-00C04F79EFBC}") = "FIT5032_main_project.Tests", "FIT5032_main_project.Tests\FIT5032_main_project.Tests.csproj", "{DAB150CA-8984-4059-858C-733A0C75F43C}"
EndProject
Global
	GlobalSection(SolutionConfigurationPlatforms) = preSolution
		Debug|Any CPU = Debug|Any CPU
		Release|Any CPU = Release|Any CPU
	EndGlobalSection
	GlobalSection(ProjectConfigurationPlatforms) = postSolution
		{D22BDE22-3819-46F8-9DF3-B924D92567FC}.Debug|Any CPU.ActiveCfg = Debug|Any CPU
		{D22BDE22-3819-46F8-9DF3-B924D92567FC}.Debug|Any CPU.Build.0 = Debug|Any CPU
		{D22BDE22-3819-46F8-9DF3-B924D92567FC}.Release|Any CPU.ActiveCfg = Release|Any CPU
		{D22BDE22-3819-46F8-9DF3-B924D92567FC}.Release|Any CPU.Build.0 = Release|Any CPU
		{DAB150CA-8984-4059-858C-733A0C75F43C}.Debug|Any CPU.ActiveCfg = Debug|Any CPU
		{DAB150CA-8984-4059-858C-733A0C75F43C}.Debug|Any CPU.Build.0 = Debug|Any CPU
		{DAB150CA-8984-4059-858C-733A0C75F43C}.Release|Any CPU.ActiveCfg = Release|Any CPU
		{DAB150CA-8984-4059-858C-733A0C75F43C}.Release|Any CPU.Build.0 = Release|Any CPU
	EndGlobalSection
	GlobalSection(SolutionProperties) = preSolution
		HideSolutionNode = FALSE
	EndGlobalSection
	GlobalSection(ExtensibilityGlobals) = postSolution
		SolutionGuid = {A36DA85A-6475-4879-8971-DCF572267DF1}
	EndGlobalSection
EndGlobal
